
Microsoft Visual Studio Solution File, Format Version 12.00
# Visual Studio Version 17
VisualStudioVersion = 17.14.36616.10 d17.14
MinimumVisualStudioVersion = 10.0.40219.1
Project("{FAE04EC0-301F-11D3-BF4B-00C04F79EFBC}") = "TicketsAPI", "TicketsAPI.csproj", "{344AF96B-FB97-59BF-FF25-BD956C7FCB2C}"
EndProject
Global
	GlobalSection(SolutionConfigurationPlatforms) = preSolution
		Debug|Any CPU = Debug|Any CPU
		Release|Any CPU = Release|Any CPU
	EndGlobalSection
	GlobalSection(ProjectConfigurationPlatforms) = postSolution
		{344AF96B-FB97-59BF-FF25-BD956C7FCB2C}.Debug|Any CPU.ActiveCfg = Debug|Any CPU
		{344AF96B-FB97-59BF-FF25-BD956C7FCB2C}.Debug|Any CPU.Build.0 = Debug|Any CPU
		{344AF96B-FB97-59BF-FF25-BD956C7FCB2C}.Release|Any CPU.ActiveCfg = Release|Any CPU
		{344AF96B-FB97-59BF-FF25-BD956C7FCB2C}.Release|Any CPU.Build.0 = Release|Any CPU
	EndGlobalSection
	GlobalSection(SolutionProperties) = preSolution
		HideSolutionNode = FALSE
	EndGlobalSection
	GlobalSection(ExtensibilityGlobals) = postSolution
		SolutionGuid = {8DC68F45-FEDA-4B35-8DDA-63D4DB8916D8}
	EndGlobalSection
EndGlobal
